// !$*UTF8*$!
{
	archiveVersion = 1;
	classes = {
	};
	objectVersion = 56;
	objects = {

/* Begin PBXBuildFile section */
		1E6E71E629C2B4DC0078645B /* main.cpp in Sources */ = {isa = PBXBuildFile; fileRef = 1E6E71E529C2B4DC0078645B /* main.cpp */; };
		1E6E71F329C2BF120078645B /* main.cpp in Sources */ = {isa = PBXBuildFile; fileRef = 1E6E71F229C2BF120078645B /* main.cpp */; };
/* End PBXBuildFile section */

/* Begin PBXCopyFilesBuildPhase section */
		1E6E71E029C2B4DC0078645B /* CopyFiles */ = {
			isa = PBXCopyFilesBuildPhase;
			buildActionMask = 2147483647;
			dstPath = /usr/share/man/man1/;
			dstSubfolderSpec = 0;
			files = (
			);
			runOnlyForDeploymentPostprocessing = 1;
		};
		1E6E71EE29C2BF120078645B /* CopyFiles */ = {
			isa = PBXCopyFilesBuildPhase;
			buildActionMask = 2147483647;
			dstPath = /usr/share/man/man1/;
			dstSubfolderSpec = 0;
			files = (
			);
			runOnlyForDeploymentPostprocessing = 1;
		};
/* End PBXCopyFilesBuildPhase section */

/* Begin PBXFileReference section */
		1E6E71E229C2B4DC0078645B /* 001-文本文件 */ = {isa = PBXFileReference; explicitFileType = "compiled.mach-o.executable"; includeInIndex = 0; path = "001-文本文件"; sourceTree = BUILT_PRODUCTS_DIR; };
		1E6E71E529C2B4DC0078645B /* main.cpp */ = {isa = PBXFileReference; lastKnownFileType = sourcecode.cpp.cpp; path = main.cpp; sourceTree = "<group>"; };
		1E6E71F029C2BF120078645B /* 文本文件-读文件 */ = {isa = PBXFileReference; explicitFileType = "compiled.mach-o.executable"; includeInIndex = 0; path = "文本文件-读文件"; sourceTree = BUILT_PRODUCTS_DIR; };
		1E6E71F229C2BF120078645B /* main.cpp */ = {isa = PBXFileReference; lastKnownFileType = sourcecode.cpp.cpp; path = main.cpp; sourceTree = "<group>"; };
/* End PBXFileReference section */

/* Begin PBXFrameworksBuildPhase section */
		1E6E71DF29C2B4DC0078645B /* Frameworks */ = {
			isa = PBXFrameworksBuildPhase;
			buildActionMask = 2147483647;
			files = (
			);
			runOnlyForDeploymentPostprocessing = 0;
		};
		1E6E71ED29C2BF120078645B /* Frameworks */ = {
			isa = PBXFrameworksBuildPhase;
			buildActionMask = 2147483647;
			files = (
			);
			runOnlyForDeploymentPostprocessing = 0;
		};
/* End PBXFrameworksBuildPhase section */

/* Begin PBXGroup section */
		1E6E71D929C2B4DC0078645B = {
			isa = PBXGroup;
			children = (
				1E6E71E429C2B4DC0078645B /* 001-文本文件 */,
				1E6E71F129C2BF120078645B /* 文本文件-读文件 */,
				1E6E71E329C2B4DC0078645B /* Products */,
			);
			sourceTree = "<group>";
		};
		1E6E71E329C2B4DC0078645B /* Products */ = {
			isa = PBXGroup;
			children = (
				1E6E71E229C2B4DC0078645B /* 001-文本文件 */,
				1E6E71F029C2BF120078645B /* 文本文件-读文件 */,
			);
			name = Products;
			sourceTree = "<group>";
		};
		1E6E71E429C2B4DC0078645B /* 001-文本文件 */ = {
			isa = PBXGroup;
			children = (
				1E6E71E529C2B4DC0078645B /* main.cpp */,
			);
			path = "001-文本文件";
			sourceTree = "<group>";
		};
		1E6E71F129C2BF120078645B /* 文本文件-读文件 */ = {
			isa = PBXGroup;
			children = (
				1E6E71F229C2BF120078645B /* main.cpp */,
			);
			path = "文本文件-读文件";
			sourceTree = "<group>";
		};
/* End PBXGroup section */

/* Begin PBXNativeTarget section */
		1E6E71E129C2B4DC0078645B /* 001-文本文件 */ = {
			isa = PBXNativeTarget;
			buildConfigurationList = 1E6E71E929C2B4DC0078645B /* Build configuration list for PBXNativeTarget "001-文本文件" */;
			buildPhases = (
				1E6E71DE29C2B4DC0078645B /* Sources */,
				1E6E71DF29C2B4DC0078645B /* Frameworks */,
				1E6E71E029C2B4DC0078645B /* CopyFiles */,
			);
			buildRules = (
			);
			dependencies = (
			);
			name = "001-文本文件";
			productName = "001-文本文件";
			productReference = 1E6E71E229C2B4DC0078645B /* 001-文本文件 */;
			productType = "com.apple.product-type.tool";
		};
		1E6E71EF29C2BF120078645B /* 文本文件-读文件 */ = {
			isa = PBXNativeTarget;
			buildConfigurationList = 1E6E71F429C2BF120078645B /* Build configuration list for PBXNativeTarget "文本文件-读文件" */;
			buildPhases = (
				1E6E71EC29C2BF120078645B /* Sources */,
				1E6E71ED29C2BF120078645B /* Frameworks */,
				1E6E71EE29C2BF120078645B /* CopyFiles */,
			);
			buildRules = (
			);
			dependencies = (
			);
			name = "文本文件-读文件";
			productName = "文本文件-读文件";
			productReference = 1E6E71F029C2BF120078645B /* 文本文件-读文件 */;
			productType = "com.apple.product-type.tool";
		};
/* End PBXNativeTarget section */

/* Begin PBXProject section */
		1E6E71DA29C2B4DC0078645B /* Project object */ = {
			isa = PBXProject;
			attributes = {
				BuildIndependentTargetsInParallel = 1;
				LastUpgradeCheck = 1420;
				TargetAttributes = {
					1E6E71E129C2B4DC0078645B = {
						CreatedOnToolsVersion = 14.2;
					};
					1E6E71EF29C2BF120078645B = {
						CreatedOnToolsVersion = 14.2;
					};
				};
			};
			buildConfigurationList = 1E6E71DD29C2B4DC0078645B /* Build configuration list for PBXProject "001-文本文件" */;
			compatibilityVersion = "Xcode 14.0";
			developmentRegion = en;
			hasScannedForEncodings = 0;
			knownRegions = (
				en,
				Base,
			);
			mainGroup = 1E6E71D929C2B4DC0078645B;
			productRefGroup = 1E6E71E329C2B4DC0078645B /* Products */;
			projectDirPath = "";
			projectRoot = "";
			targets = (
				1E6E71E129C2B4DC0078645B /* 001-文本文件 */,
				1E6E71EF29C2BF120078645B /* 文本文件-读文件 */,
			);
		};
/* End PBXProject section */

/* Begin PBXSourcesBuildPhase section */
		1E6E71DE29C2B4DC0078645B /* Sources */ = {
			isa = PBXSourcesBuildPhase;
			buildActionMask = 2147483647;
			files = (
				1E6E71E629C2B4DC0078645B /* main.cpp in Sources */,
			);
			runOnlyForDeploymentPostprocessing = 0;
		};
		1E6E71EC29C2BF120078645B /* Sources */ = {
			isa = PBXSourcesBuildPhase;
			buildActionMask = 2147483647;
			files = (
				1E6E71F329C2BF120078645B /* main.cpp in Sources */,
			);
			runOnlyForDeploymentPostprocessing = 0;
		};
/* End PBXSourcesBuildPhase section */

/* Begin XCBuildConfiguration section */
		1E6E71E729C2B4DC0078645B /* Debug */ = {
			isa = XCBuildConfiguration;
			buildSettings = {
				ALWAYS_SEARCH_USER_PATHS = NO;
				CLANG_ANALYZER_NONNULL = YES;
				CLANG_ANALYZER_NUMBER_OBJECT_CONVERSION = YES_AGGRESSIVE;
				CLANG_CXX_LANGUAGE_STANDARD = "gnu++20";
				CLANG_ENABLE_MODULES = YES;
				CLANG_ENABLE_OBJC_ARC = YES;
				CLANG_ENABLE_OBJC_WEAK = YES;
				CLANG_WARN_BLOCK_CAPTURE_AUTORELEASING = YES;
				CLANG_WARN_BOOL_CONVERSION = YES;
				CLANG_WARN_COMMA = YES;
				CLANG_WARN_CONSTANT_CONVERSION = YES;
				CLANG_WARN_DEPRECATED_OBJC_IMPLEMENTATIONS = YES;
				CLANG_WARN_DIRECT_OBJC_ISA_USAGE = YES_ERROR;
				CLANG_WARN_DOCUMENTATION_COMMENTS = YES;
				CLANG_WARN_EMPTY_BODY = YES;
				CLANG_WARN_ENUM_CONVERSION = YES;
				CLANG_WARN_INFINITE_RECURSION = YES;
				CLANG_WARN_INT_CONVERSION = YES;
				CLANG_WARN_NON_LITERAL_NULL_CONVERSION = YES;
				CLANG_WARN_OBJC_IMPLICIT_RETAIN_SELF = YES;
				CLANG_WARN_OBJC_LITERAL_CONVERSION = YES;
				CLANG_WARN_OBJC_ROOT_CLASS = YES_ERROR;
				CLANG_WARN_QUOTED_INCLUDE_IN_FRAMEWORK_HEADER = YES;
				CLANG_WARN_RANGE_LOOP_ANALYSIS = YES;
				CLANG_WARN_STRICT_PROTOTYPES = YES;
				CLANG_WARN_SUSPICIOUS_MOVE = YES;
				CLANG_WARN_UNGUARDED_AVAILABILITY = YES_AGGRESSIVE;
				CLANG_WARN_UNREACHABLE_CODE = YES;
				CLANG_WARN__DUPLICATE_METHOD_MATCH = YES;
				COPY_PHASE_STRIP = NO;
				DEBUG_INFORMATION_FORMAT = dwarf;
				ENABLE_STRICT_OBJC_MSGSEND = YES;
				ENABLE_TESTABILITY = YES;
				GCC_C_LANGUAGE_STANDARD = gnu11;
				GCC_DYNAMIC_NO_PIC = NO;
				GCC_NO_COMMON_BLOCKS = YES;
				GCC_OPTIMIZATION_LEVEL = 0;
				GCC_PREPROCESSOR_DEFINITIONS = (
					"DEBUG=1",
					"$(inherited)",
				);
				GCC_WARN_64_TO_32_BIT_CONVERSION = YES;
				GCC_WARN_ABOUT_RETURN_TYPE = YES_ERROR;
				GCC_WARN_UNDECLARED_SELECTOR = YES;
				GCC_WARN_UNINITIALIZED_AUTOS = YES_AGGRESSIVE;
				GCC_WARN_UNUSED_FUNCTION = YES;
				GCC_WARN_UNUSED_VARIABLE = YES;
				MACOSX_DEPLOYMENT_TARGET = 12.6;
				MTL_ENABLE_DEBUG_INFO = INCLUDE_SOURCE;
				MTL_FAST_MATH = YES;
				ONLY_ACTIVE_ARCH = YES;
				SDKROOT = macosx;
			};
			name = Debug;
		};
		1E6E71E829C2B4DC0078645B /* Release */ = {
			isa = XCBuildConfiguration;
			buildSettings = {
				ALWAYS_SEARCH_USER_PATHS = NO;
				CLANG_ANALYZER_NONNULL = YES;
				CLANG_ANALYZER_NUMBER_OBJECT_CONVERSION = YES_AGGRESSIVE;
				CLANG_CXX_LANGUAGE_STANDARD = "gnu++20";
				CLANG_ENABLE_MODULES = YES;
				CLANG_ENABLE_OBJC_ARC = YES;
				CLANG_ENABLE_OBJC_WEAK = YES;
				CLANG_WARN_BLOCK_CAPTURE_AUTORELEASING = YES;
				CLANG_WARN_BOOL_CONVERSION = YES;
				CLANG_WARN_COMMA = YES;
				CLANG_WARN_CONSTANT_CONVERSION = YES;
				CLANG_WARN_DEPRECATED_OBJC_IMPLEMENTATIONS = YES;
				CLANG_WARN_DIRECT_OBJC_ISA_USAGE = YES_ERROR;
				CLANG_WARN_DOCUMENTATION_COMMENTS = YES;
				CLANG_WARN_EMPTY_BODY = YES;
				CLANG_WARN_ENUM_CONVERSION = YES;
				CLANG_WARN_INFINITE_RECURSION = YES;
				CLANG_WARN_INT_CONVERSION = YES;
				CLANG_WARN_NON_LITERAL_NULL_CONVERSION = YES;
				CLANG_WARN_OBJC_IMPLICIT_RETAIN_SELF = YES;
				CLANG_WARN_OBJC_LITERAL_CONVERSION = YES;
				CLANG_WARN_OBJC_ROOT_CLASS = YES_ERROR;
				CLANG_WARN_QUOTED_INCLUDE_IN_FRAMEWORK_HEADER = YES;
				CLANG_WARN_RANGE_LOOP_ANALYSIS = YES;
				CLANG_WARN_STRICT_PROTOTYPES = YES;
				CLANG_WARN_SUSPICIOUS_MOVE = YES;
				CLANG_WARN_UNGUARDED_AVAILABILITY = YES_AGGRESSIVE;
				CLANG_WARN_UNREACHABLE_CODE = YES;
				CLANG_WARN__DUPLICATE_METHOD_MATCH = YES;
				COPY_PHASE_STRIP = NO;
				DEBUG_INFORMATION_FORMAT = "dwarf-with-dsym";
				ENABLE_NS_ASSERTIONS = NO;
				ENABLE_STRICT_OBJC_MSGSEND = YES;
				GCC_C_LANGUAGE_STANDARD = gnu11;
				GCC_NO_COMMON_BLOCKS = YES;
				GCC_WARN_64_TO_32_BIT_CONVERSION = YES;
				GCC_WARN_ABOUT_RETURN_TYPE = YES_ERROR;
				GCC_WARN_UNDECLARED_SELECTOR = YES;
				GCC_WARN_UNINITIALIZED_AUTOS = YES_AGGRESSIVE;
				GCC_WARN_UNUSED_FUNCTION = YES;
				GCC_WARN_UNUSED_VARIABLE = YES;
				MACOSX_DEPLOYMENT_TARGET = 12.6;
				MTL_ENABLE_DEBUG_INFO = NO;
				MTL_FAST_MATH = YES;
				SDKROOT = macosx;
			};
			name = Release;
		};
		1E6E71EA29C2B4DC0078645B /* Debug */ = {
			isa = XCBuildConfiguration;
			buildSettings = {
				CODE_SIGN_STYLE = Automatic;
				DEVELOPMENT_TEAM = ZURSBPY7B4;
				ENABLE_HARDENED_RUNTIME = YES;
				PRODUCT_NAME = "$(TARGET_NAME)";
			};
			name = Debug;
		};
		1E6E71EB29C2B4DC0078645B /* Release */ = {
			isa = XCBuildConfiguration;
			buildSettings = {
				CODE_SIGN_STYLE = Automatic;
				DEVELOPMENT_TEAM = ZURSBPY7B4;
				ENABLE_HARDENED_RUNTIME = YES;
				PRODUCT_NAME = "$(TARGET_NAME)";
			};
			name = Release;
		};
		1E6E71F529C2BF120078645B /* Debug */ = {
			isa = XCBuildConfiguration;
			buildSettings = {
				CODE_SIGN_STYLE = Automatic;
				DEVELOPMENT_TEAM = ZURSBPY7B4;
				ENABLE_HARDENED_RUNTIME = YES;
				PRODUCT_NAME = "$(TARGET_NAME)";
			};
			name = Debug;
		};
		1E6E71F629C2BF120078645B /* Release */ = {
			isa = XCBuildConfiguration;
			buildSettings = {
				CODE_SIGN_STYLE = Automatic;
				DEVELOPMENT_TEAM = ZURSBPY7B4;
				ENABLE_HARDENED_RUNTIME = YES;
				PRODUCT_NAME = "$(TARGET_NAME)";
			};
			name = Release;
		};
/* End XCBuildConfiguration section */

/* Begin XCConfigurationList section */
		1E6E71DD29C2B4DC0078645B /* Build configuration list for PBXProject "001-文本文件" */ = {
			isa = XCConfigurationList;
			buildConfigurations = (
				1E6E71E729C2B4DC0078645B /* Debug */,
				1E6E71E829C2B4DC0078645B /* Release */,
			);
			defaultConfigurationIsVisible = 0;
			defaultConfigurationName = Release;
		};
		1E6E71E929C2B4DC0078645B /* Build configuration list for PBXNativeTarget "001-文本文件" */ = {
			isa = XCConfigurationList;
			buildConfigurations = (
				1E6E71EA29C2B4DC0078645B /* Debug */,
				1E6E71EB29C2B4DC0078645B /* Release */,
			);
			defaultConfigurationIsVisible = 0;
			defaultConfigurationName = Release;
		};
		1E6E71F429C2BF120078645B /* Build configuration list for PBXNativeTarget "文本文件-读文件" */ = {
			isa = XCConfigurationList;
			buildConfigurations = (
				1E6E71F529C2BF120078645B /* Debug */,
				1E6E71F629C2BF120078645B /* Release */,
			);
			defaultConfigurationIsVisible = 0;
			defaultConfigurationName = Release;
		};
/* End XCConfigurationList section */
	};
	rootObject = 1E6E71DA29C2B4DC0078645B /* Project object */;
}
