// !$*UTF8*$!
{
	archiveVersion = 1;
	classes = {
	};
	objectVersion = 56;
	objects = {

/* Begin PBXBuildFile section */
		1E6E722229C2C5DC0078645B /* main.cpp in Sources */ = {isa = PBXBuildFile; fileRef = 1E6E722129C2C5DC0078645B /* main.cpp */; };
		1E6E722D29C2D2E10078645B /* WorkerManager.cpp in Sources */ = {isa = PBXBuildFile; fileRef = 1E6E722B29C2D2E10078645B /* WorkerManager.cpp */; };
		1E6E723029C2D6F40078645B /* Worker.cpp in Sources */ = {isa = PBXBuildFile; fileRef = 1E6E722E29C2D6F40078645B /* Worker.cpp */; };
		1E6E723329C2D7B80078645B /* Manager.cpp in Sources */ = {isa = PBXBuildFile; fileRef = 1E6E723129C2D7B80078645B /* Manager.cpp */; };
		1E6E723629C2D7E40078645B /* Boss.cpp in Sources */ = {isa = PBXBuildFile; fileRef = 1E6E723429C2D7E40078645B /* Boss.cpp */; };
		1E6E723929C2D7F80078645B /* Employee.cpp in Sources */ = {isa = PBXBuildFile; fileRef = 1E6E723729C2D7F70078645B /* Employee.cpp */; };
/* End PBXBuildFile section */

/* Begin PBXCopyFilesBuildPhase section */
		1E6E721C29C2C5DC0078645B /* CopyFiles */ = {
			isa = PBXCopyFilesBuildPhase;
			buildActionMask = 2147483647;
			dstPath = /usr/share/man/man1/;
			dstSubfolderSpec = 0;
			files = (
			);
			runOnlyForDeploymentPostprocessing = 1;
		};
/* End PBXCopyFilesBuildPhase section */

/* Begin PBXFileReference section */
		1E6E721E29C2C5DC0078645B /* 职工管理系统 */ = {isa = PBXFileReference; explicitFileType = "compiled.mach-o.executable"; includeInIndex = 0; path = "职工管理系统"; sourceTree = BUILT_PRODUCTS_DIR; };
		1E6E722129C2C5DC0078645B /* main.cpp */ = {isa = PBXFileReference; lastKnownFileType = sourcecode.cpp.cpp; path = main.cpp; sourceTree = "<group>"; };
		1E6E722B29C2D2E10078645B /* WorkerManager.cpp */ = {isa = PBXFileReference; lastKnownFileType = sourcecode.cpp.cpp; path = WorkerManager.cpp; sourceTree = "<group>"; };
		1E6E722C29C2D2E10078645B /* WorkerManager.hpp */ = {isa = PBXFileReference; lastKnownFileType = sourcecode.cpp.h; path = WorkerManager.hpp; sourceTree = "<group>"; };
		1E6E722E29C2D6F40078645B /* Worker.cpp */ = {isa = PBXFileReference; lastKnownFileType = sourcecode.cpp.cpp; path = Worker.cpp; sourceTree = "<group>"; };
		1E6E722F29C2D6F40078645B /* Worker.hpp */ = {isa = PBXFileReference; lastKnownFileType = sourcecode.cpp.h; path = Worker.hpp; sourceTree = "<group>"; };
		1E6E723129C2D7B80078645B /* Manager.cpp */ = {isa = PBXFileReference; lastKnownFileType = sourcecode.cpp.cpp; path = Manager.cpp; sourceTree = "<group>"; };
		1E6E723229C2D7B80078645B /* Manager.hpp */ = {isa = PBXFileReference; lastKnownFileType = sourcecode.cpp.h; path = Manager.hpp; sourceTree = "<group>"; };
		1E6E723429C2D7E40078645B /* Boss.cpp */ = {isa = PBXFileReference; lastKnownFileType = sourcecode.cpp.cpp; path = Boss.cpp; sourceTree = "<group>"; };
		1E6E723529C2D7E40078645B /* Boss.hpp */ = {isa = PBXFileReference; lastKnownFileType = sourcecode.cpp.h; path = Boss.hpp; sourceTree = "<group>"; };
		1E6E723729C2D7F70078645B /* Employee.cpp */ = {isa = PBXFileReference; lastKnownFileType = sourcecode.cpp.cpp; path = Employee.cpp; sourceTree = "<group>"; };
		1E6E723829C2D7F70078645B /* Employee.hpp */ = {isa = PBXFileReference; lastKnownFileType = sourcecode.cpp.h; path = Employee.hpp; sourceTree = "<group>"; };
/* End PBXFileReference section */

/* Begin PBXFrameworksBuildPhase section */
		1E6E721B29C2C5DC0078645B /* Frameworks */ = {
			isa = PBXFrameworksBuildPhase;
			buildActionMask = 2147483647;
			files = (
			);
			runOnlyForDeploymentPostprocessing = 0;
		};
/* End PBXFrameworksBuildPhase section */

/* Begin PBXGroup section */
		1E6E721529C2C5DC0078645B = {
			isa = PBXGroup;
			children = (
				1E6E722029C2C5DC0078645B /* 职工管理系统 */,
				1E6E721F29C2C5DC0078645B /* Products */,
			);
			sourceTree = "<group>";
		};
		1E6E721F29C2C5DC0078645B /* Products */ = {
			isa = PBXGroup;
			children = (
				1E6E721E29C2C5DC0078645B /* 职工管理系统 */,
			);
			name = Products;
			sourceTree = "<group>";
		};
		1E6E722029C2C5DC0078645B /* 职工管理系统 */ = {
			isa = PBXGroup;
			children = (
				1E6E722129C2C5DC0078645B /* main.cpp */,
				1E6E723429C2D7E40078645B /* Boss.cpp */,
				1E6E723529C2D7E40078645B /* Boss.hpp */,
				1E6E723729C2D7F70078645B /* Employee.cpp */,
				1E6E723829C2D7F70078645B /* Employee.hpp */,
				1E6E723129C2D7B80078645B /* Manager.cpp */,
				1E6E723229C2D7B80078645B /* Manager.hpp */,
				1E6E722E29C2D6F40078645B /* Worker.cpp */,
				1E6E722F29C2D6F40078645B /* Worker.hpp */,
				1E6E722B29C2D2E10078645B /* WorkerManager.cpp */,
				1E6E722C29C2D2E10078645B /* WorkerManager.hpp */,
			);
			path = "职工管理系统";
			sourceTree = "<group>";
		};
/* End PBXGroup section */

/* Begin PBXNativeTarget section */
		1E6E721D29C2C5DC0078645B /* 职工管理系统 */ = {
			isa = PBXNativeTarget;
			buildConfigurationList = 1E6E722529C2C5DC0078645B /* Build configuration list for PBXNativeTarget "职工管理系统" */;
			buildPhases = (
				1E6E721A29C2C5DC0078645B /* Sources */,
				1E6E721B29C2C5DC0078645B /* Frameworks */,
				1E6E721C29C2C5DC0078645B /* CopyFiles */,
			);
			buildRules = (
			);
			dependencies = (
			);
			name = "职工管理系统";
			productName = "职工管理系统";
			productReference = 1E6E721E29C2C5DC0078645B /* 职工管理系统 */;
			productType = "com.apple.product-type.tool";
		};
/* End PBXNativeTarget section */

/* Begin PBXProject section */
		1E6E721629C2C5DC0078645B /* Project object */ = {
			isa = PBXProject;
			attributes = {
				BuildIndependentTargetsInParallel = 1;
				LastUpgradeCheck = 1420;
				TargetAttributes = {
					1E6E721D29C2C5DC0078645B = {
						CreatedOnToolsVersion = 14.2;
					};
				};
			};
			buildConfigurationList = 1E6E721929C2C5DC0078645B /* Build configuration list for PBXProject "职工管理系统" */;
			compatibilityVersion = "Xcode 14.0";
			developmentRegion = en;
			hasScannedForEncodings = 0;
			knownRegions = (
				en,
				Base,
			);
			mainGroup = 1E6E721529C2C5DC0078645B;
			productRefGroup = 1E6E721F29C2C5DC0078645B /* Products */;
			projectDirPath = "";
			projectRoot = "";
			targets = (
				1E6E721D29C2C5DC0078645B /* 职工管理系统 */,
			);
		};
/* End PBXProject section */

/* Begin PBXSourcesBuildPhase section */
		1E6E721A29C2C5DC0078645B /* Sources */ = {
			isa = PBXSourcesBuildPhase;
			buildActionMask = 2147483647;
			files = (
				1E6E722229C2C5DC0078645B /* main.cpp in Sources */,
				1E6E722D29C2D2E10078645B /* WorkerManager.cpp in Sources */,
				1E6E723029C2D6F40078645B /* Worker.cpp in Sources */,
				1E6E723329C2D7B80078645B /* Manager.cpp in Sources */,
				1E6E723629C2D7E40078645B /* Boss.cpp in Sources */,
				1E6E723929C2D7F80078645B /* Employee.cpp in Sources */,
			);
			runOnlyForDeploymentPostprocessing = 0;
		};
/* End PBXSourcesBuildPhase section */

/* Begin XCBuildConfiguration section */
		1E6E722329C2C5DC0078645B /* Debug */ = {
			isa = XCBuildConfiguration;
			buildSettings = {
				ALWAYS_SEARCH_USER_PATHS = NO;
				CLANG_ANALYZER_NONNULL = YES;
				CLANG_ANALYZER_NUMBER_OBJECT_CONVERSION = YES_AGGRESSIVE;
				CLANG_CXX_LANGUAGE_STANDARD = "gnu++20";
				CLANG_ENABLE_MODULES = YES;
				CLANG_ENABLE_OBJC_ARC = YES;
				CLANG_ENABLE_OBJC_WEAK = YES;
				CLANG_WARN_BLOCK_CAPTURE_AUTORELEASING = YES;
				CLANG_WARN_BOOL_CONVERSION = YES;
				CLANG_WARN_COMMA = YES;
				CLANG_WARN_CONSTANT_CONVERSION = YES;
				CLANG_WARN_DEPRECATED_OBJC_IMPLEMENTATIONS = YES;
				CLANG_WARN_DIRECT_OBJC_ISA_USAGE = YES_ERROR;
				CLANG_WARN_DOCUMENTATION_COMMENTS = YES;
				CLANG_WARN_EMPTY_BODY = YES;
				CLANG_WARN_ENUM_CONVERSION = YES;
				CLANG_WARN_INFINITE_RECURSION = YES;
				CLANG_WARN_INT_CONVERSION = YES;
				CLANG_WARN_NON_LITERAL_NULL_CONVERSION = YES;
				CLANG_WARN_OBJC_IMPLICIT_RETAIN_SELF = YES;
				CLANG_WARN_OBJC_LITERAL_CONVERSION = YES;
				CLANG_WARN_OBJC_ROOT_CLASS = YES_ERROR;
				CLANG_WARN_QUOTED_INCLUDE_IN_FRAMEWORK_HEADER = YES;
				CLANG_WARN_RANGE_LOOP_ANALYSIS = YES;
				CLANG_WARN_STRICT_PROTOTYPES = YES;
				CLANG_WARN_SUSPICIOUS_MOVE = YES;
				CLANG_WARN_UNGUARDED_AVAILABILITY = YES_AGGRESSIVE;
				CLANG_WARN_UNREACHABLE_CODE = YES;
				CLANG_WARN__DUPLICATE_METHOD_MATCH = YES;
				COPY_PHASE_STRIP = NO;
				DEBUG_INFORMATION_FORMAT = dwarf;
				ENABLE_STRICT_OBJC_MSGSEND = YES;
				ENABLE_TESTABILITY = YES;
				GCC_C_LANGUAGE_STANDARD = gnu11;
				GCC_DYNAMIC_NO_PIC = NO;
				GCC_NO_COMMON_BLOCKS = YES;
				GCC_OPTIMIZATION_LEVEL = 0;
				GCC_PREPROCESSOR_DEFINITIONS = (
					"DEBUG=1",
					"$(inherited)",
				);
				GCC_WARN_64_TO_32_BIT_CONVERSION = YES;
				GCC_WARN_ABOUT_RETURN_TYPE = YES_ERROR;
				GCC_WARN_UNDECLARED_SELECTOR = YES;
				GCC_WARN_UNINITIALIZED_AUTOS = YES_AGGRESSIVE;
				GCC_WARN_UNUSED_FUNCTION = YES;
				GCC_WARN_UNUSED_VARIABLE = YES;
				MACOSX_DEPLOYMENT_TARGET = 12.6;
				MTL_ENABLE_DEBUG_INFO = INCLUDE_SOURCE;
				MTL_FAST_MATH = YES;
				ONLY_ACTIVE_ARCH = YES;
				SDKROOT = macosx;
			};
			name = Debug;
		};
		1E6E722429C2C5DC0078645B /* Release */ = {
			isa = XCBuildConfiguration;
			buildSettings = {
				ALWAYS_SEARCH_USER_PATHS = NO;
				CLANG_ANALYZER_NONNULL = YES;
				CLANG_ANALYZER_NUMBER_OBJECT_CONVERSION = YES_AGGRESSIVE;
				CLANG_CXX_LANGUAGE_STANDARD = "gnu++20";
				CLANG_ENABLE_MODULES = YES;
				CLANG_ENABLE_OBJC_ARC = YES;
				CLANG_ENABLE_OBJC_WEAK = YES;
				CLANG_WARN_BLOCK_CAPTURE_AUTORELEASING = YES;
				CLANG_WARN_BOOL_CONVERSION = YES;
				CLANG_WARN_COMMA = YES;
				CLANG_WARN_CONSTANT_CONVERSION = YES;
				CLANG_WARN_DEPRECATED_OBJC_IMPLEMENTATIONS = YES;
				CLANG_WARN_DIRECT_OBJC_ISA_USAGE = YES_ERROR;
				CLANG_WARN_DOCUMENTATION_COMMENTS = YES;
				CLANG_WARN_EMPTY_BODY = YES;
				CLANG_WARN_ENUM_CONVERSION = YES;
				CLANG_WARN_INFINITE_RECURSION = YES;
				CLANG_WARN_INT_CONVERSION = YES;
				CLANG_WARN_NON_LITERAL_NULL_CONVERSION = YES;
				CLANG_WARN_OBJC_IMPLICIT_RETAIN_SELF = YES;
				CLANG_WARN_OBJC_LITERAL_CONVERSION = YES;
				CLANG_WARN_OBJC_ROOT_CLASS = YES_ERROR;
				CLANG_WARN_QUOTED_INCLUDE_IN_FRAMEWORK_HEADER = YES;
				CLANG_WARN_RANGE_LOOP_ANALYSIS = YES;
				CLANG_WARN_STRICT_PROTOTYPES = YES;
				CLANG_WARN_SUSPICIOUS_MOVE = YES;
				CLANG_WARN_UNGUARDED_AVAILABILITY = YES_AGGRESSIVE;
				CLANG_WARN_UNREACHABLE_CODE = YES;
				CLANG_WARN__DUPLICATE_METHOD_MATCH = YES;
				COPY_PHASE_STRIP = NO;
				DEBUG_INFORMATION_FORMAT = "dwarf-with-dsym";
				ENABLE_NS_ASSERTIONS = NO;
				ENABLE_STRICT_OBJC_MSGSEND = YES;
				GCC_C_LANGUAGE_STANDARD = gnu11;
				GCC_NO_COMMON_BLOCKS = YES;
				GCC_WARN_64_TO_32_BIT_CONVERSION = YES;
				GCC_WARN_ABOUT_RETURN_TYPE = YES_ERROR;
				GCC_WARN_UNDECLARED_SELECTOR = YES;
				GCC_WARN_UNINITIALIZED_AUTOS = YES_AGGRESSIVE;
				GCC_WARN_UNUSED_FUNCTION = YES;
				GCC_WARN_UNUSED_VARIABLE = YES;
				MACOSX_DEPLOYMENT_TARGET = 12.6;
				MTL_ENABLE_DEBUG_INFO = NO;
				MTL_FAST_MATH = YES;
				SDKROOT = macosx;
			};
			name = Release;
		};
		1E6E722629C2C5DC0078645B /* Debug */ = {
			isa = XCBuildConfiguration;
			buildSettings = {
				CODE_SIGN_STYLE = Automatic;
				DEVELOPMENT_TEAM = ZURSBPY7B4;
				ENABLE_HARDENED_RUNTIME = YES;
				PRODUCT_NAME = "$(TARGET_NAME)";
			};
			name = Debug;
		};
		1E6E722729C2C5DC0078645B /* Release */ = {
			isa = XCBuildConfiguration;
			buildSettings = {
				CODE_SIGN_STYLE = Automatic;
				DEVELOPMENT_TEAM = ZURSBPY7B4;
				ENABLE_HARDENED_RUNTIME = YES;
				PRODUCT_NAME = "$(TARGET_NAME)";
			};
			name = Release;
		};
/* End XCBuildConfiguration section */

/* Begin XCConfigurationList section */
		1E6E721929C2C5DC0078645B /* Build configuration list for PBXProject "职工管理系统" */ = {
			isa = XCConfigurationList;
			buildConfigurations = (
				1E6E722329C2C5DC0078645B /* Debug */,
				1E6E722429C2C5DC0078645B /* Release */,
			);
			defaultConfigurationIsVisible = 0;
			defaultConfigurationName = Release;
		};
		1E6E722529C2C5DC0078645B /* Build configuration list for PBXNativeTarget "职工管理系统" */ = {
			isa = XCConfigurationList;
			buildConfigurations = (
				1E6E722629C2C5DC0078645B /* Debug */,
				1E6E722729C2C5DC0078645B /* Release */,
			);
			defaultConfigurationIsVisible = 0;
			defaultConfigurationName = Release;
		};
/* End XCConfigurationList section */
	};
	rootObject = 1E6E721629C2C5DC0078645B /* Project object */;
}
