// !$*UTF8*$!
{
	archiveVersion = 1;
	classes = {
	};
	objectVersion = 56;
	objects = {

/* Begin PBXBuildFile section */
		1E89035629C31B4F0048A8A4 /* main.cpp in Sources */ = {isa = PBXBuildFile; fileRef = 1E89035529C31B4F0048A8A4 /* main.cpp */; };
		1E8903C529C3234A0048A8A4 /* main.cpp in Sources */ = {isa = PBXBuildFile; fileRef = 1E8903C429C3234A0048A8A4 /* main.cpp */; };
		1E8903D029C3235A0048A8A4 /* main.cpp in Sources */ = {isa = PBXBuildFile; fileRef = 1E8903CF29C3235A0048A8A4 /* main.cpp */; };
		1E8903DB29C323640048A8A4 /* main.cpp in Sources */ = {isa = PBXBuildFile; fileRef = 1E8903DA29C323640048A8A4 /* main.cpp */; };
		1E89040529C326810048A8A4 /* main.cpp in Sources */ = {isa = PBXBuildFile; fileRef = 1E89040429C326810048A8A4 /* main.cpp */; };
		1E89041029C3274A0048A8A4 /* main.cpp in Sources */ = {isa = PBXBuildFile; fileRef = 1E89040F29C3274A0048A8A4 /* main.cpp */; };
/* End PBXBuildFile section */

/* Begin PBXCopyFilesBuildPhase section */
		1E89035029C31B4F0048A8A4 /* CopyFiles */ = {
			isa = PBXCopyFilesBuildPhase;
			buildActionMask = 2147483647;
			dstPath = /usr/share/man/man1/;
			dstSubfolderSpec = 0;
			files = (
			);
			runOnlyForDeploymentPostprocessing = 1;
		};
		1E8903C029C3234A0048A8A4 /* CopyFiles */ = {
			isa = PBXCopyFilesBuildPhase;
			buildActionMask = 2147483647;
			dstPath = /usr/share/man/man1/;
			dstSubfolderSpec = 0;
			files = (
			);
			runOnlyForDeploymentPostprocessing = 1;
		};
		1E8903CB29C3235A0048A8A4 /* CopyFiles */ = {
			isa = PBXCopyFilesBuildPhase;
			buildActionMask = 2147483647;
			dstPath = /usr/share/man/man1/;
			dstSubfolderSpec = 0;
			files = (
			);
			runOnlyForDeploymentPostprocessing = 1;
		};
		1E8903D629C323640048A8A4 /* CopyFiles */ = {
			isa = PBXCopyFilesBuildPhase;
			buildActionMask = 2147483647;
			dstPath = /usr/share/man/man1/;
			dstSubfolderSpec = 0;
			files = (
			);
			runOnlyForDeploymentPostprocessing = 1;
		};
		1E8903F529C323810048A8A4 /* CopyFiles */ = {
			isa = PBXCopyFilesBuildPhase;
			buildActionMask = 2147483647;
			dstPath = /usr/share/man/man1/;
			dstSubfolderSpec = 0;
			files = (
			);
			runOnlyForDeploymentPostprocessing = 1;
		};
		1E89040029C326800048A8A4 /* CopyFiles */ = {
			isa = PBXCopyFilesBuildPhase;
			buildActionMask = 2147483647;
			dstPath = /usr/share/man/man1/;
			dstSubfolderSpec = 0;
			files = (
			);
			runOnlyForDeploymentPostprocessing = 1;
		};
		1E89040B29C3274A0048A8A4 /* CopyFiles */ = {
			isa = PBXCopyFilesBuildPhase;
			buildActionMask = 2147483647;
			dstPath = /usr/share/man/man1/;
			dstSubfolderSpec = 0;
			files = (
			);
			runOnlyForDeploymentPostprocessing = 1;
		};
/* End PBXCopyFilesBuildPhase section */

/* Begin PBXFileReference section */
		1E89035229C31B4F0048A8A4 /* 002-C++vector容器 */ = {isa = PBXFileReference; explicitFileType = "compiled.mach-o.executable"; includeInIndex = 0; path = "002-C++vector容器"; sourceTree = BUILT_PRODUCTS_DIR; };
		1E89035529C31B4F0048A8A4 /* main.cpp */ = {isa = PBXFileReference; lastKnownFileType = sourcecode.cpp.cpp; path = main.cpp; sourceTree = "<group>"; };
		1E8903C229C3234A0048A8A4 /* 赋值操作 */ = {isa = PBXFileReference; explicitFileType = "compiled.mach-o.executable"; includeInIndex = 0; path = "赋值操作"; sourceTree = BUILT_PRODUCTS_DIR; };
		1E8903C429C3234A0048A8A4 /* main.cpp */ = {isa = PBXFileReference; lastKnownFileType = sourcecode.cpp.cpp; path = main.cpp; sourceTree = "<group>"; };
		1E8903CD29C3235A0048A8A4 /* 容量和大小 */ = {isa = PBXFileReference; explicitFileType = "compiled.mach-o.executable"; includeInIndex = 0; path = "容量和大小"; sourceTree = BUILT_PRODUCTS_DIR; };
		1E8903CF29C3235A0048A8A4 /* main.cpp */ = {isa = PBXFileReference; lastKnownFileType = sourcecode.cpp.cpp; path = main.cpp; sourceTree = "<group>"; };
		1E8903D829C323640048A8A4 /* 插入和删除 */ = {isa = PBXFileReference; explicitFileType = "compiled.mach-o.executable"; includeInIndex = 0; path = "插入和删除"; sourceTree = BUILT_PRODUCTS_DIR; };
		1E8903DA29C323640048A8A4 /* main.cpp */ = {isa = PBXFileReference; lastKnownFileType = sourcecode.cpp.cpp; path = main.cpp; sourceTree = "<group>"; };
		1E8903F729C323810048A8A4 /* 数据存取 */ = {isa = PBXFileReference; explicitFileType = "compiled.mach-o.executable"; includeInIndex = 0; path = "数据存取"; sourceTree = BUILT_PRODUCTS_DIR; };
		1E89040229C326800048A8A4 /* 数据存取1 */ = {isa = PBXFileReference; explicitFileType = "compiled.mach-o.executable"; includeInIndex = 0; path = "数据存取1"; sourceTree = BUILT_PRODUCTS_DIR; };
		1E89040429C326810048A8A4 /* main.cpp */ = {isa = PBXFileReference; lastKnownFileType = sourcecode.cpp.cpp; path = main.cpp; sourceTree = "<group>"; };
		1E89040D29C3274A0048A8A4 /* 互换容器 */ = {isa = PBXFileReference; explicitFileType = "compiled.mach-o.executable"; includeInIndex = 0; path = "互换容器"; sourceTree = BUILT_PRODUCTS_DIR; };
		1E89040F29C3274A0048A8A4 /* main.cpp */ = {isa = PBXFileReference; lastKnownFileType = sourcecode.cpp.cpp; path = main.cpp; sourceTree = "<group>"; };
/* End PBXFileReference section */

/* Begin PBXFrameworksBuildPhase section */
		1E89034F29C31B4F0048A8A4 /* Frameworks */ = {
			isa = PBXFrameworksBuildPhase;
			buildActionMask = 2147483647;
			files = (
			);
			runOnlyForDeploymentPostprocessing = 0;
		};
		1E8903BF29C3234A0048A8A4 /* Frameworks */ = {
			isa = PBXFrameworksBuildPhase;
			buildActionMask = 2147483647;
			files = (
			);
			runOnlyForDeploymentPostprocessing = 0;
		};
		1E8903CA29C3235A0048A8A4 /* Frameworks */ = {
			isa = PBXFrameworksBuildPhase;
			buildActionMask = 2147483647;
			files = (
			);
			runOnlyForDeploymentPostprocessing = 0;
		};
		1E8903D529C323640048A8A4 /* Frameworks */ = {
			isa = PBXFrameworksBuildPhase;
			buildActionMask = 2147483647;
			files = (
			);
			runOnlyForDeploymentPostprocessing = 0;
		};
		1E8903F429C323810048A8A4 /* Frameworks */ = {
			isa = PBXFrameworksBuildPhase;
			buildActionMask = 2147483647;
			files = (
			);
			runOnlyForDeploymentPostprocessing = 0;
		};
		1E8903FF29C326800048A8A4 /* Frameworks */ = {
			isa = PBXFrameworksBuildPhase;
			buildActionMask = 2147483647;
			files = (
			);
			runOnlyForDeploymentPostprocessing = 0;
		};
		1E89040A29C3274A0048A8A4 /* Frameworks */ = {
			isa = PBXFrameworksBuildPhase;
			buildActionMask = 2147483647;
			files = (
			);
			runOnlyForDeploymentPostprocessing = 0;
		};
/* End PBXFrameworksBuildPhase section */

/* Begin PBXGroup section */
		1E89034929C31B4F0048A8A4 = {
			isa = PBXGroup;
			children = (
				1E89035429C31B4F0048A8A4 /* 002-C++vector容器 */,
				1E8903C329C3234A0048A8A4 /* 赋值操作 */,
				1E8903CE29C3235A0048A8A4 /* 容量和大小 */,
				1E8903D929C323640048A8A4 /* 插入和删除 */,
				1E89040329C326810048A8A4 /* 数据存取1 */,
				1E89040E29C3274A0048A8A4 /* 互换容器 */,
				1E89035329C31B4F0048A8A4 /* Products */,
			);
			sourceTree = "<group>";
		};
		1E89035329C31B4F0048A8A4 /* Products */ = {
			isa = PBXGroup;
			children = (
				1E89035229C31B4F0048A8A4 /* 002-C++vector容器 */,
				1E8903C229C3234A0048A8A4 /* 赋值操作 */,
				1E8903CD29C3235A0048A8A4 /* 容量和大小 */,
				1E8903D829C323640048A8A4 /* 插入和删除 */,
				1E8903F729C323810048A8A4 /* 数据存取 */,
				1E89040229C326800048A8A4 /* 数据存取1 */,
				1E89040D29C3274A0048A8A4 /* 互换容器 */,
			);
			name = Products;
			sourceTree = "<group>";
		};
		1E89035429C31B4F0048A8A4 /* 002-C++vector容器 */ = {
			isa = PBXGroup;
			children = (
				1E89035529C31B4F0048A8A4 /* main.cpp */,
			);
			path = "002-C++vector容器";
			sourceTree = "<group>";
		};
		1E8903C329C3234A0048A8A4 /* 赋值操作 */ = {
			isa = PBXGroup;
			children = (
				1E8903C429C3234A0048A8A4 /* main.cpp */,
			);
			path = "赋值操作";
			sourceTree = "<group>";
		};
		1E8903CE29C3235A0048A8A4 /* 容量和大小 */ = {
			isa = PBXGroup;
			children = (
				1E8903CF29C3235A0048A8A4 /* main.cpp */,
			);
			path = "容量和大小";
			sourceTree = "<group>";
		};
		1E8903D929C323640048A8A4 /* 插入和删除 */ = {
			isa = PBXGroup;
			children = (
				1E8903DA29C323640048A8A4 /* main.cpp */,
			);
			path = "插入和删除";
			sourceTree = "<group>";
		};
		1E89040329C326810048A8A4 /* 数据存取1 */ = {
			isa = PBXGroup;
			children = (
				1E89040429C326810048A8A4 /* main.cpp */,
			);
			path = "数据存取1";
			sourceTree = "<group>";
		};
		1E89040E29C3274A0048A8A4 /* 互换容器 */ = {
			isa = PBXGroup;
			children = (
				1E89040F29C3274A0048A8A4 /* main.cpp */,
			);
			path = "互换容器";
			sourceTree = "<group>";
		};
/* End PBXGroup section */

/* Begin PBXNativeTarget section */
		1E89035129C31B4F0048A8A4 /* 002-C++vector容器 */ = {
			isa = PBXNativeTarget;
			buildConfigurationList = 1E89035929C31B4F0048A8A4 /* Build configuration list for PBXNativeTarget "002-C++vector容器" */;
			buildPhases = (
				1E89034E29C31B4F0048A8A4 /* Sources */,
				1E89034F29C31B4F0048A8A4 /* Frameworks */,
				1E89035029C31B4F0048A8A4 /* CopyFiles */,
			);
			buildRules = (
			);
			dependencies = (
			);
			name = "002-C++vector容器";
			productName = "002-C++vector容器";
			productReference = 1E89035229C31B4F0048A8A4 /* 002-C++vector容器 */;
			productType = "com.apple.product-type.tool";
		};
		1E8903C129C3234A0048A8A4 /* 赋值操作 */ = {
			isa = PBXNativeTarget;
			buildConfigurationList = 1E8903C829C3234A0048A8A4 /* Build configuration list for PBXNativeTarget "赋值操作" */;
			buildPhases = (
				1E8903BE29C3234A0048A8A4 /* Sources */,
				1E8903BF29C3234A0048A8A4 /* Frameworks */,
				1E8903C029C3234A0048A8A4 /* CopyFiles */,
			);
			buildRules = (
			);
			dependencies = (
			);
			name = "赋值操作";
			productName = "赋值操作";
			productReference = 1E8903C229C3234A0048A8A4 /* 赋值操作 */;
			productType = "com.apple.product-type.tool";
		};
		1E8903CC29C3235A0048A8A4 /* 容量和大小 */ = {
			isa = PBXNativeTarget;
			buildConfigurationList = 1E8903D129C3235A0048A8A4 /* Build configuration list for PBXNativeTarget "容量和大小" */;
			buildPhases = (
				1E8903C929C3235A0048A8A4 /* Sources */,
				1E8903CA29C3235A0048A8A4 /* Frameworks */,
				1E8903CB29C3235A0048A8A4 /* CopyFiles */,
			);
			buildRules = (
			);
			dependencies = (
			);
			name = "容量和大小";
			productName = "容量和大小";
			productReference = 1E8903CD29C3235A0048A8A4 /* 容量和大小 */;
			productType = "com.apple.product-type.tool";
		};
		1E8903D729C323640048A8A4 /* 插入和删除 */ = {
			isa = PBXNativeTarget;
			buildConfigurationList = 1E8903DC29C323640048A8A4 /* Build configuration list for PBXNativeTarget "插入和删除" */;
			buildPhases = (
				1E8903D429C323640048A8A4 /* Sources */,
				1E8903D529C323640048A8A4 /* Frameworks */,
				1E8903D629C323640048A8A4 /* CopyFiles */,
			);
			buildRules = (
			);
			dependencies = (
			);
			name = "插入和删除";
			productName = "插入和删除";
			productReference = 1E8903D829C323640048A8A4 /* 插入和删除 */;
			productType = "com.apple.product-type.tool";
		};
		1E8903F629C323810048A8A4 /* 数据存取 */ = {
			isa = PBXNativeTarget;
			buildConfigurationList = 1E8903FB29C323810048A8A4 /* Build configuration list for PBXNativeTarget "数据存取" */;
			buildPhases = (
				1E8903F329C323810048A8A4 /* Sources */,
				1E8903F429C323810048A8A4 /* Frameworks */,
				1E8903F529C323810048A8A4 /* CopyFiles */,
			);
			buildRules = (
			);
			dependencies = (
			);
			name = "数据存取";
			productName = "数据存取";
			productReference = 1E8903F729C323810048A8A4 /* 数据存取 */;
			productType = "com.apple.product-type.tool";
		};
		1E89040129C326800048A8A4 /* 数据存取1 */ = {
			isa = PBXNativeTarget;
			buildConfigurationList = 1E89040629C326810048A8A4 /* Build configuration list for PBXNativeTarget "数据存取1" */;
			buildPhases = (
				1E8903FE29C326800048A8A4 /* Sources */,
				1E8903FF29C326800048A8A4 /* Frameworks */,
				1E89040029C326800048A8A4 /* CopyFiles */,
			);
			buildRules = (
			);
			dependencies = (
			);
			name = "数据存取1";
			productName = "数据存取1";
			productReference = 1E89040229C326800048A8A4 /* 数据存取1 */;
			productType = "com.apple.product-type.tool";
		};
		1E89040C29C3274A0048A8A4 /* 互换容器 */ = {
			isa = PBXNativeTarget;
			buildConfigurationList = 1E89041129C3274A0048A8A4 /* Build configuration list for PBXNativeTarget "互换容器" */;
			buildPhases = (
				1E89040929C3274A0048A8A4 /* Sources */,
				1E89040A29C3274A0048A8A4 /* Frameworks */,
				1E89040B29C3274A0048A8A4 /* CopyFiles */,
			);
			buildRules = (
			);
			dependencies = (
			);
			name = "互换容器";
			productName = "互换容器";
			productReference = 1E89040D29C3274A0048A8A4 /* 互换容器 */;
			productType = "com.apple.product-type.tool";
		};
/* End PBXNativeTarget section */

/* Begin PBXProject section */
		1E89034A29C31B4F0048A8A4 /* Project object */ = {
			isa = PBXProject;
			attributes = {
				BuildIndependentTargetsInParallel = 1;
				LastSwiftUpdateCheck = 1420;
				LastUpgradeCheck = 1420;
				TargetAttributes = {
					1E89035129C31B4F0048A8A4 = {
						CreatedOnToolsVersion = 14.2;
					};
					1E8903C129C3234A0048A8A4 = {
						CreatedOnToolsVersion = 14.2;
					};
					1E8903CC29C3235A0048A8A4 = {
						CreatedOnToolsVersion = 14.2;
					};
					1E8903D729C323640048A8A4 = {
						CreatedOnToolsVersion = 14.2;
					};
					1E8903F629C323810048A8A4 = {
						CreatedOnToolsVersion = 14.2;
					};
					1E89040129C326800048A8A4 = {
						CreatedOnToolsVersion = 14.2;
					};
					1E89040C29C3274A0048A8A4 = {
						CreatedOnToolsVersion = 14.2;
					};
				};
			};
			buildConfigurationList = 1E89034D29C31B4F0048A8A4 /* Build configuration list for PBXProject "002-C++vector容器" */;
			compatibilityVersion = "Xcode 14.0";
			developmentRegion = en;
			hasScannedForEncodings = 0;
			knownRegions = (
				en,
				Base,
			);
			mainGroup = 1E89034929C31B4F0048A8A4;
			productRefGroup = 1E89035329C31B4F0048A8A4 /* Products */;
			projectDirPath = "";
			projectRoot = "";
			targets = (
				1E89035129C31B4F0048A8A4 /* 002-C++vector容器 */,
				1E8903C129C3234A0048A8A4 /* 赋值操作 */,
				1E8903CC29C3235A0048A8A4 /* 容量和大小 */,
				1E8903D729C323640048A8A4 /* 插入和删除 */,
				1E8903F629C323810048A8A4 /* 数据存取 */,
				1E89040129C326800048A8A4 /* 数据存取1 */,
				1E89040C29C3274A0048A8A4 /* 互换容器 */,
			);
		};
/* End PBXProject section */

/* Begin PBXSourcesBuildPhase section */
		1E89034E29C31B4F0048A8A4 /* Sources */ = {
			isa = PBXSourcesBuildPhase;
			buildActionMask = 2147483647;
			files = (
				1E89035629C31B4F0048A8A4 /* main.cpp in Sources */,
			);
			runOnlyForDeploymentPostprocessing = 0;
		};
		1E8903BE29C3234A0048A8A4 /* Sources */ = {
			isa = PBXSourcesBuildPhase;
			buildActionMask = 2147483647;
			files = (
				1E8903C529C3234A0048A8A4 /* main.cpp in Sources */,
			);
			runOnlyForDeploymentPostprocessing = 0;
		};
		1E8903C929C3235A0048A8A4 /* Sources */ = {
			isa = PBXSourcesBuildPhase;
			buildActionMask = 2147483647;
			files = (
				1E8903D029C3235A0048A8A4 /* main.cpp in Sources */,
			);
			runOnlyForDeploymentPostprocessing = 0;
		};
		1E8903D429C323640048A8A4 /* Sources */ = {
			isa = PBXSourcesBuildPhase;
			buildActionMask = 2147483647;
			files = (
				1E8903DB29C323640048A8A4 /* main.cpp in Sources */,
			);
			runOnlyForDeploymentPostprocessing = 0;
		};
		1E8903F329C323810048A8A4 /* Sources */ = {
			isa = PBXSourcesBuildPhase;
			buildActionMask = 2147483647;
			files = (
			);
			runOnlyForDeploymentPostprocessing = 0;
		};
		1E8903FE29C326800048A8A4 /* Sources */ = {
			isa = PBXSourcesBuildPhase;
			buildActionMask = 2147483647;
			files = (
				1E89040529C326810048A8A4 /* main.cpp in Sources */,
			);
			runOnlyForDeploymentPostprocessing = 0;
		};
		1E89040929C3274A0048A8A4 /* Sources */ = {
			isa = PBXSourcesBuildPhase;
			buildActionMask = 2147483647;
			files = (
				1E89041029C3274A0048A8A4 /* main.cpp in Sources */,
			);
			runOnlyForDeploymentPostprocessing = 0;
		};
/* End PBXSourcesBuildPhase section */

/* Begin XCBuildConfiguration section */
		1E89035729C31B4F0048A8A4 /* Debug */ = {
			isa = XCBuildConfiguration;
			buildSettings = {
				ALWAYS_SEARCH_USER_PATHS = NO;
				CLANG_ANALYZER_NONNULL = YES;
				CLANG_ANALYZER_NUMBER_OBJECT_CONVERSION = YES_AGGRESSIVE;
				CLANG_CXX_LANGUAGE_STANDARD = "gnu++20";
				CLANG_ENABLE_MODULES = YES;
				CLANG_ENABLE_OBJC_ARC = YES;
				CLANG_ENABLE_OBJC_WEAK = YES;
				CLANG_WARN_BLOCK_CAPTURE_AUTORELEASING = YES;
				CLANG_WARN_BOOL_CONVERSION = YES;
				CLANG_WARN_COMMA = YES;
				CLANG_WARN_CONSTANT_CONVERSION = YES;
				CLANG_WARN_DEPRECATED_OBJC_IMPLEMENTATIONS = YES;
				CLANG_WARN_DIRECT_OBJC_ISA_USAGE = YES_ERROR;
				CLANG_WARN_DOCUMENTATION_COMMENTS = YES;
				CLANG_WARN_EMPTY_BODY = YES;
				CLANG_WARN_ENUM_CONVERSION = YES;
				CLANG_WARN_INFINITE_RECURSION = YES;
				CLANG_WARN_INT_CONVERSION = YES;
				CLANG_WARN_NON_LITERAL_NULL_CONVERSION = YES;
				CLANG_WARN_OBJC_IMPLICIT_RETAIN_SELF = YES;
				CLANG_WARN_OBJC_LITERAL_CONVERSION = YES;
				CLANG_WARN_OBJC_ROOT_CLASS = YES_ERROR;
				CLANG_WARN_QUOTED_INCLUDE_IN_FRAMEWORK_HEADER = YES;
				CLANG_WARN_RANGE_LOOP_ANALYSIS = YES;
				CLANG_WARN_STRICT_PROTOTYPES = YES;
				CLANG_WARN_SUSPICIOUS_MOVE = YES;
				CLANG_WARN_UNGUARDED_AVAILABILITY = YES_AGGRESSIVE;
				CLANG_WARN_UNREACHABLE_CODE = YES;
				CLANG_WARN__DUPLICATE_METHOD_MATCH = YES;
				COPY_PHASE_STRIP = NO;
				DEBUG_INFORMATION_FORMAT = dwarf;
				ENABLE_STRICT_OBJC_MSGSEND = YES;
				ENABLE_TESTABILITY = YES;
				GCC_C_LANGUAGE_STANDARD = gnu11;
				GCC_DYNAMIC_NO_PIC = NO;
				GCC_NO_COMMON_BLOCKS = YES;
				GCC_OPTIMIZATION_LEVEL = 0;
				GCC_PREPROCESSOR_DEFINITIONS = (
					"DEBUG=1",
					"$(inherited)",
				);
				GCC_WARN_64_TO_32_BIT_CONVERSION = YES;
				GCC_WARN_ABOUT_RETURN_TYPE = YES_ERROR;
				GCC_WARN_UNDECLARED_SELECTOR = YES;
				GCC_WARN_UNINITIALIZED_AUTOS = YES_AGGRESSIVE;
				GCC_WARN_UNUSED_FUNCTION = YES;
				GCC_WARN_UNUSED_VARIABLE = YES;
				MACOSX_DEPLOYMENT_TARGET = 12.6;
				MTL_ENABLE_DEBUG_INFO = INCLUDE_SOURCE;
				MTL_FAST_MATH = YES;
				ONLY_ACTIVE_ARCH = YES;
				SDKROOT = macosx;
			};
			name = Debug;
		};
		1E89035829C31B4F0048A8A4 /* Release */ = {
			isa = XCBuildConfiguration;
			buildSettings = {
				ALWAYS_SEARCH_USER_PATHS = NO;
				CLANG_ANALYZER_NONNULL = YES;
				CLANG_ANALYZER_NUMBER_OBJECT_CONVERSION = YES_AGGRESSIVE;
				CLANG_CXX_LANGUAGE_STANDARD = "gnu++20";
				CLANG_ENABLE_MODULES = YES;
				CLANG_ENABLE_OBJC_ARC = YES;
				CLANG_ENABLE_OBJC_WEAK = YES;
				CLANG_WARN_BLOCK_CAPTURE_AUTORELEASING = YES;
				CLANG_WARN_BOOL_CONVERSION = YES;
				CLANG_WARN_COMMA = YES;
				CLANG_WARN_CONSTANT_CONVERSION = YES;
				CLANG_WARN_DEPRECATED_OBJC_IMPLEMENTATIONS = YES;
				CLANG_WARN_DIRECT_OBJC_ISA_USAGE = YES_ERROR;
				CLANG_WARN_DOCUMENTATION_COMMENTS = YES;
				CLANG_WARN_EMPTY_BODY = YES;
				CLANG_WARN_ENUM_CONVERSION = YES;
				CLANG_WARN_INFINITE_RECURSION = YES;
				CLANG_WARN_INT_CONVERSION = YES;
				CLANG_WARN_NON_LITERAL_NULL_CONVERSION = YES;
				CLANG_WARN_OBJC_IMPLICIT_RETAIN_SELF = YES;
				CLANG_WARN_OBJC_LITERAL_CONVERSION = YES;
				CLANG_WARN_OBJC_ROOT_CLASS = YES_ERROR;
				CLANG_WARN_QUOTED_INCLUDE_IN_FRAMEWORK_HEADER = YES;
				CLANG_WARN_RANGE_LOOP_ANALYSIS = YES;
				CLANG_WARN_STRICT_PROTOTYPES = YES;
				CLANG_WARN_SUSPICIOUS_MOVE = YES;
				CLANG_WARN_UNGUARDED_AVAILABILITY = YES_AGGRESSIVE;
				CLANG_WARN_UNREACHABLE_CODE = YES;
				CLANG_WARN__DUPLICATE_METHOD_MATCH = YES;
				COPY_PHASE_STRIP = NO;
				DEBUG_INFORMATION_FORMAT = "dwarf-with-dsym";
				ENABLE_NS_ASSERTIONS = NO;
				ENABLE_STRICT_OBJC_MSGSEND = YES;
				GCC_C_LANGUAGE_STANDARD = gnu11;
				GCC_NO_COMMON_BLOCKS = YES;
				GCC_WARN_64_TO_32_BIT_CONVERSION = YES;
				GCC_WARN_ABOUT_RETURN_TYPE = YES_ERROR;
				GCC_WARN_UNDECLARED_SELECTOR = YES;
				GCC_WARN_UNINITIALIZED_AUTOS = YES_AGGRESSIVE;
				GCC_WARN_UNUSED_FUNCTION = YES;
				GCC_WARN_UNUSED_VARIABLE = YES;
				MACOSX_DEPLOYMENT_TARGET = 12.6;
				MTL_ENABLE_DEBUG_INFO = NO;
				MTL_FAST_MATH = YES;
				SDKROOT = macosx;
			};
			name = Release;
		};
		1E89035A29C31B4F0048A8A4 /* Debug */ = {
			isa = XCBuildConfiguration;
			buildSettings = {
				CODE_SIGN_STYLE = Automatic;
				DEVELOPMENT_TEAM = ZURSBPY7B4;
				ENABLE_HARDENED_RUNTIME = YES;
				PRODUCT_NAME = "$(TARGET_NAME)";
			};
			name = Debug;
		};
		1E89035B29C31B4F0048A8A4 /* Release */ = {
			isa = XCBuildConfiguration;
			buildSettings = {
				CODE_SIGN_STYLE = Automatic;
				DEVELOPMENT_TEAM = ZURSBPY7B4;
				ENABLE_HARDENED_RUNTIME = YES;
				PRODUCT_NAME = "$(TARGET_NAME)";
			};
			name = Release;
		};
		1E8903C629C3234A0048A8A4 /* Debug */ = {
			isa = XCBuildConfiguration;
			buildSettings = {
				CODE_SIGN_STYLE = Automatic;
				DEVELOPMENT_TEAM = ZURSBPY7B4;
				ENABLE_HARDENED_RUNTIME = YES;
				PRODUCT_NAME = "$(TARGET_NAME)";
			};
			name = Debug;
		};
		1E8903C729C3234A0048A8A4 /* Release */ = {
			isa = XCBuildConfiguration;
			buildSettings = {
				CODE_SIGN_STYLE = Automatic;
				DEVELOPMENT_TEAM = ZURSBPY7B4;
				ENABLE_HARDENED_RUNTIME = YES;
				PRODUCT_NAME = "$(TARGET_NAME)";
			};
			name = Release;
		};
		1E8903D229C3235A0048A8A4 /* Debug */ = {
			isa = XCBuildConfiguration;
			buildSettings = {
				CODE_SIGN_STYLE = Automatic;
				DEVELOPMENT_TEAM = ZURSBPY7B4;
				ENABLE_HARDENED_RUNTIME = YES;
				PRODUCT_NAME = "$(TARGET_NAME)";
			};
			name = Debug;
		};
		1E8903D329C3235A0048A8A4 /* Release */ = {
			isa = XCBuildConfiguration;
			buildSettings = {
				CODE_SIGN_STYLE = Automatic;
				DEVELOPMENT_TEAM = ZURSBPY7B4;
				ENABLE_HARDENED_RUNTIME = YES;
				PRODUCT_NAME = "$(TARGET_NAME)";
			};
			name = Release;
		};
		1E8903DD29C323640048A8A4 /* Debug */ = {
			isa = XCBuildConfiguration;
			buildSettings = {
				CODE_SIGN_STYLE = Automatic;
				DEVELOPMENT_TEAM = ZURSBPY7B4;
				ENABLE_HARDENED_RUNTIME = YES;
				PRODUCT_NAME = "$(TARGET_NAME)";
			};
			name = Debug;
		};
		1E8903DE29C323640048A8A4 /* Release */ = {
			isa = XCBuildConfiguration;
			buildSettings = {
				CODE_SIGN_STYLE = Automatic;
				DEVELOPMENT_TEAM = ZURSBPY7B4;
				ENABLE_HARDENED_RUNTIME = YES;
				PRODUCT_NAME = "$(TARGET_NAME)";
			};
			name = Release;
		};
		1E8903FC29C323810048A8A4 /* Debug */ = {
			isa = XCBuildConfiguration;
			buildSettings = {
				CODE_SIGN_STYLE = Automatic;
				DEVELOPMENT_TEAM = ZURSBPY7B4;
				ENABLE_HARDENED_RUNTIME = YES;
				PRODUCT_NAME = "$(TARGET_NAME)";
				SWIFT_ACTIVE_COMPILATION_CONDITIONS = DEBUG;
				SWIFT_OPTIMIZATION_LEVEL = "-Onone";
				SWIFT_VERSION = 5.0;
			};
			name = Debug;
		};
		1E8903FD29C323810048A8A4 /* Release */ = {
			isa = XCBuildConfiguration;
			buildSettings = {
				CODE_SIGN_STYLE = Automatic;
				DEVELOPMENT_TEAM = ZURSBPY7B4;
				ENABLE_HARDENED_RUNTIME = YES;
				PRODUCT_NAME = "$(TARGET_NAME)";
				SWIFT_COMPILATION_MODE = wholemodule;
				SWIFT_OPTIMIZATION_LEVEL = "-O";
				SWIFT_VERSION = 5.0;
			};
			name = Release;
		};
		1E89040729C326810048A8A4 /* Debug */ = {
			isa = XCBuildConfiguration;
			buildSettings = {
				CODE_SIGN_STYLE = Automatic;
				DEVELOPMENT_TEAM = ZURSBPY7B4;
				ENABLE_HARDENED_RUNTIME = YES;
				PRODUCT_NAME = "$(TARGET_NAME)";
			};
			name = Debug;
		};
		1E89040829C326810048A8A4 /* Release */ = {
			isa = XCBuildConfiguration;
			buildSettings = {
				CODE_SIGN_STYLE = Automatic;
				DEVELOPMENT_TEAM = ZURSBPY7B4;
				ENABLE_HARDENED_RUNTIME = YES;
				PRODUCT_NAME = "$(TARGET_NAME)";
			};
			name = Release;
		};
		1E89041229C3274A0048A8A4 /* Debug */ = {
			isa = XCBuildConfiguration;
			buildSettings = {
				CODE_SIGN_STYLE = Automatic;
				DEVELOPMENT_TEAM = ZURSBPY7B4;
				ENABLE_HARDENED_RUNTIME = YES;
				PRODUCT_NAME = "$(TARGET_NAME)";
			};
			name = Debug;
		};
		1E89041329C3274A0048A8A4 /* Release */ = {
			isa = XCBuildConfiguration;
			buildSettings = {
				CODE_SIGN_STYLE = Automatic;
				DEVELOPMENT_TEAM = ZURSBPY7B4;
				ENABLE_HARDENED_RUNTIME = YES;
				PRODUCT_NAME = "$(TARGET_NAME)";
			};
			name = Release;
		};
/* End XCBuildConfiguration section */

/* Begin XCConfigurationList section */
		1E89034D29C31B4F0048A8A4 /* Build configuration list for PBXProject "002-C++vector容器" */ = {
			isa = XCConfigurationList;
			buildConfigurations = (
				1E89035729C31B4F0048A8A4 /* Debug */,
				1E89035829C31B4F0048A8A4 /* Release */,
			);
			defaultConfigurationIsVisible = 0;
			defaultConfigurationName = Release;
		};
		1E89035929C31B4F0048A8A4 /* Build configuration list for PBXNativeTarget "002-C++vector容器" */ = {
			isa = XCConfigurationList;
			buildConfigurations = (
				1E89035A29C31B4F0048A8A4 /* Debug */,
				1E89035B29C31B4F0048A8A4 /* Release */,
			);
			defaultConfigurationIsVisible = 0;
			defaultConfigurationName = Release;
		};
		1E8903C829C3234A0048A8A4 /* Build configuration list for PBXNativeTarget "赋值操作" */ = {
			isa = XCConfigurationList;
			buildConfigurations = (
				1E8903C629C3234A0048A8A4 /* Debug */,
				1E8903C729C3234A0048A8A4 /* Release */,
			);
			defaultConfigurationIsVisible = 0;
			defaultConfigurationName = Release;
		};
		1E8903D129C3235A0048A8A4 /* Build configuration list for PBXNativeTarget "容量和大小" */ = {
			isa = XCConfigurationList;
			buildConfigurations = (
				1E8903D229C3235A0048A8A4 /* Debug */,
				1E8903D329C3235A0048A8A4 /* Release */,
			);
			defaultConfigurationIsVisible = 0;
			defaultConfigurationName = Release;
		};
		1E8903DC29C323640048A8A4 /* Build configuration list for PBXNativeTarget "插入和删除" */ = {
			isa = XCConfigurationList;
			buildConfigurations = (
				1E8903DD29C323640048A8A4 /* Debug */,
				1E8903DE29C323640048A8A4 /* Release */,
			);
			defaultConfigurationIsVisible = 0;
			defaultConfigurationName = Release;
		};
		1E8903FB29C323810048A8A4 /* Build configuration list for PBXNativeTarget "数据存取" */ = {
			isa = XCConfigurationList;
			buildConfigurations = (
				1E8903FC29C323810048A8A4 /* Debug */,
				1E8903FD29C323810048A8A4 /* Release */,
			);
			defaultConfigurationIsVisible = 0;
			defaultConfigurationName = Release;
		};
		1E89040629C326810048A8A4 /* Build configuration list for PBXNativeTarget "数据存取1" */ = {
			isa = XCConfigurationList;
			buildConfigurations = (
				1E89040729C326810048A8A4 /* Debug */,
				1E89040829C326810048A8A4 /* Release */,
			);
			defaultConfigurationIsVisible = 0;
			defaultConfigurationName = Release;
		};
		1E89041129C3274A0048A8A4 /* Build configuration list for PBXNativeTarget "互换容器" */ = {
			isa = XCConfigurationList;
			buildConfigurations = (
				1E89041229C3274A0048A8A4 /* Debug */,
				1E89041329C3274A0048A8A4 /* Release */,
			);
			defaultConfigurationIsVisible = 0;
			defaultConfigurationName = Release;
		};
/* End XCConfigurationList section */
	};
	rootObject = 1E89034A29C31B4F0048A8A4 /* Project object */;
}
